
Microsoft Visual Studio Solution File, Format Version 12.00
# Visual Studio Version 17
VisualStudioVersion = 17.11.35312.102
MinimumVisualStudioVersion = 10.0.40219.1
Project("{FAE04EC0-301F-11D3-BF4B-00C04F79EFBC}") = "Expenzo", "Expenzo\Expenzo.csproj", "{C1EE9770-405B-4A13-9F07-EC8EF2A58EE4}"
EndProject
Global
	GlobalSection(SolutionConfigurationPlatforms) = preSolution
		Debug|Any CPU = Debug|Any CPU
		Release|Any CPU = Release|Any CPU
	EndGlobalSection
	GlobalSection(ProjectConfigurationPlatforms) = postSolution
		{C1EE9770-405B-4A13-9F07-EC8EF2A58EE4}.Debug|Any CPU.ActiveCfg = Debug|Any CPU
		{C1EE9770-405B-4A13-9F07-EC8EF2A58EE4}.Debug|Any CPU.Build.0 = Debug|Any CPU
		{C1EE9770-405B-4A13-9F07-EC8EF2A58EE4}.Debug|Any CPU.Deploy.0 = Debug|Any CPU
		{C1EE9770-405B-4A13-9F07-EC8EF2A58EE4}.Release|Any CPU.ActiveCfg = Release|Any CPU
		{C1EE9770-405B-4A13-9F07-EC8EF2A58EE4}.Release|Any CPU.Build.0 = Release|Any CPU
		{C1EE9770-405B-4A13-9F07-EC8EF2A58EE4}.Release|Any CPU.Deploy.0 = Release|Any CPU
	EndGlobalSection
	GlobalSection(SolutionProperties) = preSolution
		HideSolutionNode = FALSE
	EndGlobalSection
	GlobalSection(ExtensibilityGlobals) = postSolution
		SolutionGuid = {4BC316FE-CEFB-48B0-9BEB-E52C950EE32E}
	EndGlobalSection
EndGlobal
